{
  "version": 4,
  "terraform_version": "1.2.2",
  "serial": 36,
  "lineage": "14175b8f-567c-1d43-2777-97e962ad5839",
  "outputs": {},
  "resources": [
    {
      "mode": "managed",
      "type": "github_membership",
      "name": "info_user",
      "provider": "provider[\"registry.terraform.io/integrations/github\"]",
      "instances": [
        {
          "index_key": 0,
          "schema_version": 0,
          "attributes": {
            "etag": "W/\"bd42238189e59429dd4576b6e0ea4d993bc6135a88660975dbb9a3fd8846de1a\"",
            "id": "appbrewhouse:abh-info",
            "role": "admin",
            "username": "abh-info"
          },
          "sensitive_attributes": [],
          "private": "bnVsbA=="
        }
      ]
    },
    {
      "mode": "managed",
      "type": "github_team",
      "name": "app_team",
      "provider": "provider[\"registry.terraform.io/integrations/github\"]",
      "instances": [
        {
          "schema_version": 0,
          "attributes": {
            "create_default_maintainer": false,
            "description": "Team for feteclub",
            "etag": "W/\"0fa83ac067dc203f9b791a631a389d8951f80fa21287dde2b123f03a68b29b33\"",
            "id": "6190574",
            "ldap_dn": "",
            "members_count": 0,
            "name": "feteclub-team",
            "node_id": "T_kwDOBkibL84AXnXu",
            "parent_team_id": null,
            "privacy": "secret",
            "slug": "feteclub-team"
          },
          "sensitive_attributes": [],
          "private": "bnVsbA=="
        }
      ]
    },
    {
      "mode": "managed",
      "type": "github_team_members",
      "name": "app_team_members",
      "provider": "provider[\"registry.terraform.io/integrations/github\"]",
      "instances": [
        {
          "index_key": 0,
          "schema_version": 0,
          "attributes": {
            "etag": "8238277169a0876b40c98d7d77952146",
            "id": "6190574",
            "members": [
              {
                "role": "member",
                "username": "abh-info"
              }
            ],
            "team_id": "6190574"
          },
          "sensitive_attributes": [],
          "private": "bnVsbA==",
          "dependencies": [
            "github_team.app_team"
          ]
        }
      ]
    },
    {
      "module": "module.apps[\"backend\"]",
      "mode": "managed",
      "type": "github_branch",
      "name": "development",
      "provider": "provider[\"registry.terraform.io/integrations/github\"]",
      "instances": [
        {
          "schema_version": 0,
          "attributes": {
            "branch": "development",
            "etag": "W/\"9102d35bce228e0e63bf8c09b10919344b58ae54e2df2d1055d40e438323dd4c\"",
            "id": "feteclub-backend:development",
            "ref": "refs/heads/development",
            "repository": "feteclub-backend",
            "sha": "f4d4c1ad88773916b4f35a753e2496dc6cf5c9de",
            "source_branch": "main",
            "source_sha": "f4d4c1ad88773916b4f35a753e2496dc6cf5c9de"
          },
          "sensitive_attributes": [],
          "private": "bnVsbA==",
          "dependencies": [
            "module.apps.github_repository.repo"
          ]
        }
      ]
    },
    {
      "module": "module.apps[\"backend\"]",
      "mode": "managed",
      "type": "github_branch",
      "name": "production",
      "provider": "provider[\"registry.terraform.io/integrations/github\"]",
      "instances": [
        {
          "schema_version": 0,
          "attributes": {
            "branch": "production",
            "etag": "W/\"274d8f0e263076658c25b9ffbb77454ad58620a0157d42e1ab06e7a7d0936254\"",
            "id": "feteclub-backend:production",
            "ref": "refs/heads/production",
            "repository": "feteclub-backend",
            "sha": "f4d4c1ad88773916b4f35a753e2496dc6cf5c9de",
            "source_branch": "main",
            "source_sha": "f4d4c1ad88773916b4f35a753e2496dc6cf5c9de"
          },
          "sensitive_attributes": [],
          "private": "bnVsbA==",
          "dependencies": [
            "module.apps.github_repository.repo"
          ]
        }
      ]
    },
    {
      "module": "module.apps[\"backend\"]",
      "mode": "managed",
      "type": "github_branch",
      "name": "staging",
      "provider": "provider[\"registry.terraform.io/integrations/github\"]",
      "instances": [
        {
          "schema_version": 0,
          "attributes": {
            "branch": "staging",
            "etag": "W/\"ad5f22c869dd3f6dffacb0a7a0e4bee6eb2b4a806c4f97e04e2e354a0014f8ac\"",
            "id": "feteclub-backend:staging",
            "ref": "refs/heads/staging",
            "repository": "feteclub-backend",
            "sha": "f4d4c1ad88773916b4f35a753e2496dc6cf5c9de",
            "source_branch": "main",
            "source_sha": "f4d4c1ad88773916b4f35a753e2496dc6cf5c9de"
          },
          "sensitive_attributes": [],
          "private": "bnVsbA==",
          "dependencies": [
            "module.apps.github_repository.repo"
          ]
        }
      ]
    },
    {
      "module": "module.apps[\"backend\"]",
      "mode": "managed",
      "type": "github_branch_default",
      "name": "default",
      "provider": "provider[\"registry.terraform.io/integrations/github\"]",
      "instances": [
        {
          "schema_version": 0,
          "attributes": {
            "branch": "development",
            "id": "feteclub-backend",
            "repository": "feteclub-backend"
          },
          "sensitive_attributes": [],
          "private": "bnVsbA==",
          "dependencies": [
            "module.apps.github_branch.development",
            "module.apps.github_repository.repo"
          ]
        }
      ]
    },
    {
      "module": "module.apps[\"backend\"]",
      "mode": "managed",
      "type": "github_repository",
      "name": "repo",
      "provider": "provider[\"registry.terraform.io/integrations/github\"]",
      "instances": [
        {
          "schema_version": 0,
          "attributes": {
            "allow_auto_merge": false,
            "allow_merge_commit": true,
            "allow_rebase_merge": true,
            "allow_squash_merge": true,
            "archive_on_destroy": null,
            "archived": false,
            "auto_init": true,
            "branches": [
              {
                "name": "main",
                "protected": false
              }
            ],
            "default_branch": "main",
            "delete_branch_on_merge": false,
            "description": "feteclub-backend",
            "etag": "W/\"a99fda51d00b7d7ca1296d0e10cdbba179007852e9c8f98cd73f024061c2dfb2\"",
            "full_name": "appbrewhouse/feteclub-backend",
            "git_clone_url": "git://github.com/appbrewhouse/feteclub-backend.git",
            "gitignore_template": null,
            "has_downloads": false,
            "has_issues": true,
            "has_projects": true,
            "has_wiki": false,
            "homepage_url": "",
            "html_url": "https://github.com/appbrewhouse/feteclub-backend",
            "http_clone_url": "https://github.com/appbrewhouse/feteclub-backend.git",
            "id": "feteclub-backend",
            "ignore_vulnerability_alerts_during_read": null,
            "is_template": false,
            "license_template": null,
            "name": "feteclub-backend",
            "node_id": "R_kgDOHd8BVA",
            "pages": [],
            "private": true,
            "repo_id": 501154132,
            "ssh_clone_url": "git@github.com:appbrewhouse/feteclub-backend.git",
            "svn_url": "https://github.com/appbrewhouse/feteclub-backend",
            "template": [],
            "topics": null,
            "visibility": "private",
            "vulnerability_alerts": false
          },
          "sensitive_attributes": [],
          "private": "bnVsbA=="
        }
      ]
    },
    {
      "module": "module.apps[\"backend\"]",
      "mode": "managed",
      "type": "github_repository_file",
      "name": "intial_readme",
      "provider": "provider[\"registry.terraform.io/integrations/github\"]",
      "instances": [
        {
          "schema_version": 0,
          "attributes": {
            "branch": "main",
            "commit_author": "appbrewhouse-dev",
            "commit_email": "93703073+appbrewhouse-dev@users.noreply.github.com",
            "commit_message": "Initial commit",
            "commit_sha": "a9dc7ad05e03fe85721965a2c470268a35db82c2",
            "content": "# feteclub-backend",
            "file": "README.md",
            "id": "feteclub-backend/README.md",
            "overwrite_on_create": true,
            "repository": "feteclub-backend",
            "sha": "3f0e96fbe8de8385c63c7f603c0f115a82856373"
          },
          "sensitive_attributes": [],
          "private": "bnVsbA==",
          "dependencies": [
            "module.apps.github_repository.repo"
          ]
        }
      ]
    },
    {
      "module": "module.apps[\"backend\"]",
      "mode": "managed",
      "type": "github_repository_project",
      "name": "project",
      "provider": "provider[\"registry.terraform.io/integrations/github\"]",
      "instances": [
        {
          "schema_version": 0,
          "attributes": {
            "body": "",
            "etag": "W/\"82884ed6bf67658964ac71e09891628d048fc7721c52f2c0bf6ff84338a8c244\"",
            "id": "14522196",
            "name": "A github project for feteclub-backend repository",
            "repository": "feteclub-backend",
            "url": "https://github.com/appbrewhouse/feteclub-backend/projects/1"
          },
          "sensitive_attributes": [],
          "private": "bnVsbA==",
          "dependencies": [
            "module.apps.github_repository.repo"
          ]
        }
      ]
    },
    {
      "module": "module.apps[\"backend\"]",
      "mode": "managed",
      "type": "github_team_repository",
      "name": "team_repo",
      "provider": "provider[\"registry.terraform.io/integrations/github\"]",
      "instances": [
        {
          "schema_version": 0,
          "attributes": {
            "etag": "W/\"6d79944dfd7c64132e69324a5ad3f3c6ee843e9aecc385357075f2dd08a17151\"",
            "id": "6190574:feteclub-backend",
            "permission": "admin",
            "repository": "feteclub-backend",
            "team_id": "6190574"
          },
          "sensitive_attributes": [],
          "private": "bnVsbA==",
          "dependencies": [
            "github_team.app_team",
            "module.apps.github_repository.repo"
          ]
        }
      ]
    },
    {
      "module": "module.apps[\"infra\"]",
      "mode": "managed",
      "type": "github_branch",
      "name": "development",
      "provider": "provider[\"registry.terraform.io/integrations/github\"]",
      "instances": [
        {
          "schema_version": 0,
          "attributes": {
            "branch": "development",
            "etag": "W/\"93b27bd77c7840b96b488bb0423ab9bc224b3af97a1d5ca8293ac1b90f7fa622\"",
            "id": "feteclub-infra:development",
            "ref": "refs/heads/development",
            "repository": "feteclub-infra",
            "sha": "184491c3b84815021b4250e788dbdaee009a609d",
            "source_branch": "main",
            "source_sha": "184491c3b84815021b4250e788dbdaee009a609d"
          },
          "sensitive_attributes": [],
          "private": "bnVsbA==",
          "dependencies": [
            "module.apps.github_repository.repo"
          ]
        }
      ]
    },
    {
      "module": "module.apps[\"infra\"]",
      "mode": "managed",
      "type": "github_branch",
      "name": "production",
      "provider": "provider[\"registry.terraform.io/integrations/github\"]",
      "instances": [
        {
          "schema_version": 0,
          "attributes": {
            "branch": "production",
            "etag": "W/\"83ef980c7f9229feea5ec99c4756817a215cd78eda04db40b182e883fb6f8f5b\"",
            "id": "feteclub-infra:production",
            "ref": "refs/heads/production",
            "repository": "feteclub-infra",
            "sha": "184491c3b84815021b4250e788dbdaee009a609d",
            "source_branch": "main",
            "source_sha": "184491c3b84815021b4250e788dbdaee009a609d"
          },
          "sensitive_attributes": [],
          "private": "bnVsbA==",
          "dependencies": [
            "module.apps.github_repository.repo"
          ]
        }
      ]
    },
    {
      "module": "module.apps[\"infra\"]",
      "mode": "managed",
      "type": "github_branch",
      "name": "staging",
      "provider": "provider[\"registry.terraform.io/integrations/github\"]",
      "instances": [
        {
          "schema_version": 0,
          "attributes": {
            "branch": "staging",
            "etag": "W/\"87399e1be06f0061c6cbaa1650724c6574c34a52de42f694be8f7abad2de52c6\"",
            "id": "feteclub-infra:staging",
            "ref": "refs/heads/staging",
            "repository": "feteclub-infra",
            "sha": "184491c3b84815021b4250e788dbdaee009a609d",
            "source_branch": "main",
            "source_sha": "184491c3b84815021b4250e788dbdaee009a609d"
          },
          "sensitive_attributes": [],
          "private": "bnVsbA==",
          "dependencies": [
            "module.apps.github_repository.repo"
          ]
        }
      ]
    },
    {
      "module": "module.apps[\"infra\"]",
      "mode": "managed",
      "type": "github_branch_default",
      "name": "default",
      "provider": "provider[\"registry.terraform.io/integrations/github\"]",
      "instances": [
        {
          "schema_version": 0,
          "attributes": {
            "branch": "development",
            "id": "feteclub-infra",
            "repository": "feteclub-infra"
          },
          "sensitive_attributes": [],
          "private": "bnVsbA==",
          "dependencies": [
            "module.apps.github_branch.development",
            "module.apps.github_repository.repo"
          ]
        }
      ]
    },
    {
      "module": "module.apps[\"infra\"]",
      "mode": "managed",
      "type": "github_repository",
      "name": "repo",
      "provider": "provider[\"registry.terraform.io/integrations/github\"]",
      "instances": [
        {
          "schema_version": 0,
          "attributes": {
            "allow_auto_merge": false,
            "allow_merge_commit": true,
            "allow_rebase_merge": true,
            "allow_squash_merge": true,
            "archive_on_destroy": null,
            "archived": false,
            "auto_init": true,
            "branches": [
              {
                "name": "main",
                "protected": false
              }
            ],
            "default_branch": "main",
            "delete_branch_on_merge": false,
            "description": "feteclub-infra",
            "etag": "W/\"c746d227c17abd4957cbe29ede1d074be45c877fd76d1163231977e2bf680e77\"",
            "full_name": "appbrewhouse/feteclub-infra",
            "git_clone_url": "git://github.com/appbrewhouse/feteclub-infra.git",
            "gitignore_template": null,
            "has_downloads": false,
            "has_issues": true,
            "has_projects": true,
            "has_wiki": false,
            "homepage_url": "",
            "html_url": "https://github.com/appbrewhouse/feteclub-infra",
            "http_clone_url": "https://github.com/appbrewhouse/feteclub-infra.git",
            "id": "feteclub-infra",
            "ignore_vulnerability_alerts_during_read": null,
            "is_template": false,
            "license_template": null,
            "name": "feteclub-infra",
            "node_id": "R_kgDOHd8BOQ",
            "pages": [],
            "private": true,
            "repo_id": 501154105,
            "ssh_clone_url": "git@github.com:appbrewhouse/feteclub-infra.git",
            "svn_url": "https://github.com/appbrewhouse/feteclub-infra",
            "template": [],
            "topics": null,
            "visibility": "private",
            "vulnerability_alerts": false
          },
          "sensitive_attributes": [],
          "private": "bnVsbA=="
        }
      ]
    },
    {
      "module": "module.apps[\"infra\"]",
      "mode": "managed",
      "type": "github_repository_file",
      "name": "intial_readme",
      "provider": "provider[\"registry.terraform.io/integrations/github\"]",
      "instances": [
        {
          "schema_version": 0,
          "attributes": {
            "branch": "main",
            "commit_author": "appbrewhouse-dev",
            "commit_email": "93703073+appbrewhouse-dev@users.noreply.github.com",
            "commit_message": "Initial commit",
            "commit_sha": "7a97cf570f8d7c3e14a001910f54c1d4b0a1da66",
            "content": "# feteclub-infra",
            "file": "README.md",
            "id": "feteclub-infra/README.md",
            "overwrite_on_create": true,
            "repository": "feteclub-infra",
            "sha": "c5e40c367ee8346a5fa1581b6a3daa9a79753788"
          },
          "sensitive_attributes": [],
          "private": "bnVsbA==",
          "dependencies": [
            "module.apps.github_repository.repo"
          ]
        }
      ]
    },
    {
      "module": "module.apps[\"infra\"]",
      "mode": "managed",
      "type": "github_repository_project",
      "name": "project",
      "provider": "provider[\"registry.terraform.io/integrations/github\"]",
      "instances": [
        {
          "schema_version": 0,
          "attributes": {
            "body": "",
            "etag": "W/\"d4f1be8184a8149b0085ac5f3a2b9c8cb50ca20eea5c439196ffd8804af36266\"",
            "id": "14522194",
            "name": "A github project for feteclub-infra repository",
            "repository": "feteclub-infra",
            "url": "https://github.com/appbrewhouse/feteclub-infra/projects/1"
          },
          "sensitive_attributes": [],
          "private": "bnVsbA==",
          "dependencies": [
            "module.apps.github_repository.repo"
          ]
        }
      ]
    },
    {
      "module": "module.apps[\"infra\"]",
      "mode": "managed",
      "type": "github_team_repository",
      "name": "team_repo",
      "provider": "provider[\"registry.terraform.io/integrations/github\"]",
      "instances": [
        {
          "schema_version": 0,
          "attributes": {
            "etag": "W/\"ffab682a007d8ea1d3d208726e094d4a013a13d30582b3bc0a450fe932979edc\"",
            "id": "6190574:feteclub-infra",
            "permission": "admin",
            "repository": "feteclub-infra",
            "team_id": "6190574"
          },
          "sensitive_attributes": [],
          "private": "bnVsbA==",
          "dependencies": [
            "github_team.app_team",
            "module.apps.github_repository.repo"
          ]
        }
      ]
    },
    {
      "module": "module.apps[\"staticfe\"]",
      "mode": "managed",
      "type": "github_branch",
      "name": "development",
      "provider": "provider[\"registry.terraform.io/integrations/github\"]",
      "instances": [
        {
          "schema_version": 0,
          "attributes": {
            "branch": "development",
            "etag": "W/\"dcfe53e0eb84133ac10cb5a547cc5b9c4690277e96909364095d0509a3715614\"",
            "id": "feteclub-staticfe:development",
            "ref": "refs/heads/development",
            "repository": "feteclub-staticfe",
            "sha": "07f7713990cba002021a99b01d4e754602de655a",
            "source_branch": "main",
            "source_sha": "07f7713990cba002021a99b01d4e754602de655a"
          },
          "sensitive_attributes": [],
          "private": "bnVsbA==",
          "dependencies": [
            "module.apps.github_repository.repo"
          ]
        }
      ]
    },
    {
      "module": "module.apps[\"staticfe\"]",
      "mode": "managed",
      "type": "github_branch",
      "name": "production",
      "provider": "provider[\"registry.terraform.io/integrations/github\"]",
      "instances": [
        {
          "schema_version": 0,
          "attributes": {
            "branch": "production",
            "etag": "W/\"6850521716ad70c4a9f8f0cf38ac914ea9dea3d91e6a1e5b385737a8460b0fc2\"",
            "id": "feteclub-staticfe:production",
            "ref": "refs/heads/production",
            "repository": "feteclub-staticfe",
            "sha": "07f7713990cba002021a99b01d4e754602de655a",
            "source_branch": "main",
            "source_sha": "07f7713990cba002021a99b01d4e754602de655a"
          },
          "sensitive_attributes": [],
          "private": "bnVsbA==",
          "dependencies": [
            "module.apps.github_repository.repo"
          ]
        }
      ]
    },
    {
      "module": "module.apps[\"staticfe\"]",
      "mode": "managed",
      "type": "github_branch",
      "name": "staging",
      "provider": "provider[\"registry.terraform.io/integrations/github\"]",
      "instances": [
        {
          "schema_version": 0,
          "attributes": {
            "branch": "staging",
            "etag": "W/\"4946dddc8c5929699215d3820d676eb7136d667a2422f9b54c637727356d7a56\"",
            "id": "feteclub-staticfe:staging",
            "ref": "refs/heads/staging",
            "repository": "feteclub-staticfe",
            "sha": "07f7713990cba002021a99b01d4e754602de655a",
            "source_branch": "main",
            "source_sha": "07f7713990cba002021a99b01d4e754602de655a"
          },
          "sensitive_attributes": [],
          "private": "bnVsbA==",
          "dependencies": [
            "module.apps.github_repository.repo"
          ]
        }
      ]
    },
    {
      "module": "module.apps[\"staticfe\"]",
      "mode": "managed",
      "type": "github_branch_default",
      "name": "default",
      "provider": "provider[\"registry.terraform.io/integrations/github\"]",
      "instances": [
        {
          "schema_version": 0,
          "attributes": {
            "branch": "development",
            "id": "feteclub-staticfe",
            "repository": "feteclub-staticfe"
          },
          "sensitive_attributes": [],
          "private": "bnVsbA==",
          "dependencies": [
            "module.apps.github_branch.development",
            "module.apps.github_repository.repo"
          ]
        }
      ]
    },
    {
      "module": "module.apps[\"staticfe\"]",
      "mode": "managed",
      "type": "github_repository",
      "name": "repo",
      "provider": "provider[\"registry.terraform.io/integrations/github\"]",
      "instances": [
        {
          "schema_version": 0,
          "attributes": {
            "allow_auto_merge": false,
            "allow_merge_commit": true,
            "allow_rebase_merge": true,
            "allow_squash_merge": true,
            "archive_on_destroy": null,
            "archived": false,
            "auto_init": true,
            "branches": [
              {
                "name": "main",
                "protected": false
              }
            ],
            "default_branch": "main",
            "delete_branch_on_merge": false,
            "description": "feteclub-staticfe",
            "etag": "W/\"8656bad8986502eccb7d14840416544634320172a249f2d33f08b53dbfe02c0b\"",
            "full_name": "appbrewhouse/feteclub-staticfe",
            "git_clone_url": "git://github.com/appbrewhouse/feteclub-staticfe.git",
            "gitignore_template": null,
            "has_downloads": false,
            "has_issues": true,
            "has_projects": true,
            "has_wiki": false,
            "homepage_url": "",
            "html_url": "https://github.com/appbrewhouse/feteclub-staticfe",
            "http_clone_url": "https://github.com/appbrewhouse/feteclub-staticfe.git",
            "id": "feteclub-staticfe",
            "ignore_vulnerability_alerts_during_read": null,
            "is_template": false,
            "license_template": null,
            "name": "feteclub-staticfe",
            "node_id": "R_kgDOHd8BTA",
            "pages": [],
            "private": true,
            "repo_id": 501154124,
            "ssh_clone_url": "git@github.com:appbrewhouse/feteclub-staticfe.git",
            "svn_url": "https://github.com/appbrewhouse/feteclub-staticfe",
            "template": [],
            "topics": null,
            "visibility": "private",
            "vulnerability_alerts": false
          },
          "sensitive_attributes": [],
          "private": "bnVsbA=="
        }
      ]
    },
    {
      "module": "module.apps[\"staticfe\"]",
      "mode": "managed",
      "type": "github_repository_file",
      "name": "intial_readme",
      "provider": "provider[\"registry.terraform.io/integrations/github\"]",
      "instances": [
        {
          "schema_version": 0,
          "attributes": {
            "branch": "main",
            "commit_author": "appbrewhouse-dev",
            "commit_email": "93703073+appbrewhouse-dev@users.noreply.github.com",
            "commit_message": "Initial commit",
            "commit_sha": "db3b6f5a58ff740bece57555dc0b17acad99d36f",
            "content": "# feteclub-staticfe",
            "file": "README.md",
            "id": "feteclub-staticfe/README.md",
            "overwrite_on_create": true,
            "repository": "feteclub-staticfe",
            "sha": "23386bb84b06fc8343973d01f01c179311bc5f67"
          },
          "sensitive_attributes": [],
          "private": "bnVsbA==",
          "dependencies": [
            "module.apps.github_repository.repo"
          ]
        }
      ]
    },
    {
      "module": "module.apps[\"staticfe\"]",
      "mode": "managed",
      "type": "github_repository_project",
      "name": "project",
      "provider": "provider[\"registry.terraform.io/integrations/github\"]",
      "instances": [
        {
          "schema_version": 0,
          "attributes": {
            "body": "",
            "etag": "W/\"044637e20ed4b20696bdf61d8a796b86ad78472be04f9c96c5b21cdbc87f7702\"",
            "id": "14522195",
            "name": "A github project for feteclub-staticfe repository",
            "repository": "feteclub-staticfe",
            "url": "https://github.com/appbrewhouse/feteclub-staticfe/projects/1"
          },
          "sensitive_attributes": [],
          "private": "bnVsbA==",
          "dependencies": [
            "module.apps.github_repository.repo"
          ]
        }
      ]
    },
    {
      "module": "module.apps[\"staticfe\"]",
      "mode": "managed",
      "type": "github_team_repository",
      "name": "team_repo",
      "provider": "provider[\"registry.terraform.io/integrations/github\"]",
      "instances": [
        {
          "schema_version": 0,
          "attributes": {
            "etag": "W/\"96406d3d2a46c3fc71775de2adc4af67848313a74cab8b79f98716cd9cc60ebe\"",
            "id": "6190574:feteclub-staticfe",
            "permission": "admin",
            "repository": "feteclub-staticfe",
            "team_id": "6190574"
          },
          "sensitive_attributes": [],
          "private": "bnVsbA==",
          "dependencies": [
            "github_team.app_team",
            "module.apps.github_repository.repo"
          ]
        }
      ]
    },
    {
      "module": "module.apps[\"webapp\"]",
      "mode": "managed",
      "type": "github_branch",
      "name": "development",
      "provider": "provider[\"registry.terraform.io/integrations/github\"]",
      "instances": [
        {
          "schema_version": 0,
          "attributes": {
            "branch": "development",
            "etag": "W/\"3906a664ef53694fff07bf9b1ce860e73e420e07df7fe643e741f0b42ea5b4bd\"",
            "id": "feteclub-webapp:development",
            "ref": "refs/heads/development",
            "repository": "feteclub-webapp",
            "sha": "482b547c1c8652081b9f77d0f02947b31555f227",
            "source_branch": "main",
            "source_sha": "482b547c1c8652081b9f77d0f02947b31555f227"
          },
          "sensitive_attributes": [],
          "private": "bnVsbA==",
          "dependencies": [
            "module.apps.github_repository.repo"
          ]
        }
      ]
    },
    {
      "module": "module.apps[\"webapp\"]",
      "mode": "managed",
      "type": "github_branch",
      "name": "production",
      "provider": "provider[\"registry.terraform.io/integrations/github\"]",
      "instances": [
        {
          "schema_version": 0,
          "attributes": {
            "branch": "production",
            "etag": "W/\"9a830fd14149ccef0366b7e3461d9d586ccab22eed6ff812a8649750d18adff0\"",
            "id": "feteclub-webapp:production",
            "ref": "refs/heads/production",
            "repository": "feteclub-webapp",
            "sha": "482b547c1c8652081b9f77d0f02947b31555f227",
            "source_branch": "main",
            "source_sha": "482b547c1c8652081b9f77d0f02947b31555f227"
          },
          "sensitive_attributes": [],
          "private": "bnVsbA==",
          "dependencies": [
            "module.apps.github_repository.repo"
          ]
        }
      ]
    },
    {
      "module": "module.apps[\"webapp\"]",
      "mode": "managed",
      "type": "github_branch",
      "name": "staging",
      "provider": "provider[\"registry.terraform.io/integrations/github\"]",
      "instances": [
        {
          "schema_version": 0,
          "attributes": {
            "branch": "staging",
            "etag": "W/\"e8f86eb4b2230577cc47564060a71b123b093773e825f1d4ffb6e53c6211327f\"",
            "id": "feteclub-webapp:staging",
            "ref": "refs/heads/staging",
            "repository": "feteclub-webapp",
            "sha": "482b547c1c8652081b9f77d0f02947b31555f227",
            "source_branch": "main",
            "source_sha": "482b547c1c8652081b9f77d0f02947b31555f227"
          },
          "sensitive_attributes": [],
          "private": "bnVsbA==",
          "dependencies": [
            "module.apps.github_repository.repo"
          ]
        }
      ]
    },
    {
      "module": "module.apps[\"webapp\"]",
      "mode": "managed",
      "type": "github_branch_default",
      "name": "default",
      "provider": "provider[\"registry.terraform.io/integrations/github\"]",
      "instances": [
        {
          "schema_version": 0,
          "attributes": {
            "branch": "development",
            "id": "feteclub-webapp",
            "repository": "feteclub-webapp"
          },
          "sensitive_attributes": [],
          "private": "bnVsbA==",
          "dependencies": [
            "module.apps.github_branch.development",
            "module.apps.github_repository.repo"
          ]
        }
      ]
    },
    {
      "module": "module.apps[\"webapp\"]",
      "mode": "managed",
      "type": "github_repository",
      "name": "repo",
      "provider": "provider[\"registry.terraform.io/integrations/github\"]",
      "instances": [
        {
          "schema_version": 0,
          "attributes": {
            "allow_auto_merge": false,
            "allow_merge_commit": true,
            "allow_rebase_merge": true,
            "allow_squash_merge": true,
            "archive_on_destroy": null,
            "archived": false,
            "auto_init": true,
            "branches": [
              {
                "name": "main",
                "protected": false
              }
            ],
            "default_branch": "main",
            "delete_branch_on_merge": false,
            "description": "feteclub-webapp",
            "etag": "W/\"9c5715cf8cc24711f8a605e033754d54343a0418123401066915914b6540acb7\"",
            "full_name": "appbrewhouse/feteclub-webapp",
            "git_clone_url": "git://github.com/appbrewhouse/feteclub-webapp.git",
            "gitignore_template": null,
            "has_downloads": false,
            "has_issues": true,
            "has_projects": true,
            "has_wiki": false,
            "homepage_url": "",
            "html_url": "https://github.com/appbrewhouse/feteclub-webapp",
            "http_clone_url": "https://github.com/appbrewhouse/feteclub-webapp.git",
            "id": "feteclub-webapp",
            "ignore_vulnerability_alerts_during_read": null,
            "is_template": false,
            "license_template": null,
            "name": "feteclub-webapp",
            "node_id": "R_kgDOHd8BKw",
            "pages": [],
            "private": true,
            "repo_id": 501154091,
            "ssh_clone_url": "git@github.com:appbrewhouse/feteclub-webapp.git",
            "svn_url": "https://github.com/appbrewhouse/feteclub-webapp",
            "template": [],
            "topics": null,
            "visibility": "private",
            "vulnerability_alerts": false
          },
          "sensitive_attributes": [],
          "private": "bnVsbA=="
        }
      ]
    },
    {
      "module": "module.apps[\"webapp\"]",
      "mode": "managed",
      "type": "github_repository_file",
      "name": "intial_readme",
      "provider": "provider[\"registry.terraform.io/integrations/github\"]",
      "instances": [
        {
          "schema_version": 0,
          "attributes": {
            "branch": "main",
            "commit_author": "appbrewhouse-dev",
            "commit_email": "93703073+appbrewhouse-dev@users.noreply.github.com",
            "commit_message": "Initial commit",
            "commit_sha": "752e8cf29f8f600fb5737a95bbd01fc8812e365d",
            "content": "# feteclub-webapp",
            "file": "README.md",
            "id": "feteclub-webapp/README.md",
            "overwrite_on_create": true,
            "repository": "feteclub-webapp",
            "sha": "c2ff9c864eab85ffa797863677aaa788af87cb23"
          },
          "sensitive_attributes": [],
          "private": "bnVsbA==",
          "dependencies": [
            "module.apps.github_repository.repo"
          ]
        }
      ]
    },
    {
      "module": "module.apps[\"webapp\"]",
      "mode": "managed",
      "type": "github_repository_project",
      "name": "project",
      "provider": "provider[\"registry.terraform.io/integrations/github\"]",
      "instances": [
        {
          "schema_version": 0,
          "attributes": {
            "body": "",
            "etag": "W/\"a987ad8c950d376e12f8a622a2f75672eeaeb48fb4239e35cffd926b9f5afc55\"",
            "id": "14522192",
            "name": "A github project for feteclub-webapp repository",
            "repository": "feteclub-webapp",
            "url": "https://github.com/appbrewhouse/feteclub-webapp/projects/1"
          },
          "sensitive_attributes": [],
          "private": "bnVsbA==",
          "dependencies": [
            "module.apps.github_repository.repo"
          ]
        }
      ]
    },
    {
      "module": "module.apps[\"webapp\"]",
      "mode": "managed",
      "type": "github_team_repository",
      "name": "team_repo",
      "provider": "provider[\"registry.terraform.io/integrations/github\"]",
      "instances": [
        {
          "schema_version": 0,
          "attributes": {
            "etag": "W/\"6d039fc6fafabba207c1983796cccfff731761761546f712657242e555476083\"",
            "id": "6190574:feteclub-webapp",
            "permission": "admin",
            "repository": "feteclub-webapp",
            "team_id": "6190574"
          },
          "sensitive_attributes": [],
          "private": "bnVsbA==",
          "dependencies": [
            "github_team.app_team",
            "module.apps.github_repository.repo"
          ]
        }
      ]
    }
  ]
}
